
Microsoft Visual Studio Solution File, Format Version 12.00
# Visual Studio Version 18
VisualStudioVersion = 18.9.12023.133
MinimumVisualStudioVersion = 10.0.40219.1
Project("{FAE04EC0-301F-11D3-BF4B-00C04F79EFBC}") = "NexusCore.Api", "NexusCore.Api\NexusCore.Api.csproj", "{401B1ADA-9A29-4275-A896-131521A5373C}"
EndProject
Project("{FAE04EC0-301F-11D3-BF4B-00C04F79EFBC}") = "NexusCore.Application", "NexusCore.Application\NexusCore.Application.csproj", "{21B67F9D-1D74-4C33-BC10-3BCC64FCAEAB}"
EndProject
Project("{FAE04EC0-301F-11D3-BF4B-00C04F79EFBC}") = "NexusCore.Domain", "NexusCore.Domain\NexusCore.Domain.csproj", "{BB674B45-3FE8-4EF7-8F44-5108E0A4E7E8}"
EndProject
Project("{FAE04EC0-301F-11D3-BF4B-00C04F79EFBC}") = "NexusCore.Infrastructure", "NexusCore.Infrastructure\NexusCore.Infrastructure.csproj", "{D41AD993-9E0B-41A0-8188-58A0F86F0B14}"
EndProject
Project("{FAE04EC0-301F-11D3-BF4B-00C04F79EFBC}") = "NexusCore.SharedKernel", "NexusCore.SharedKernel\NexusCore.SharedKernel.csproj", "{9DE21B36-6119-4B49-9323-963F788B6BDC}"
EndProject
Project("{FAE04EC0-301F-11D3-BF4B-00C04F79EFBC}") = "NexusCore.Tests", "NexusCore.Tests\NexusCore.Tests.csproj", "{6727C727-5377-4100-8AE5-61472B40A26C}"
EndProject
Project("{FAE04EC0-301F-11D3-BF4B-00C04F79EFBC}") = "Nexus.CompositionTests", "Nexus.CompositionTests\Nexus.CompositionTests.csproj", "{3815CADA-33B5-48F6-BF78-387F75A03007}"
EndProject
Project("{2150E333-8FDC-42A3-9474-1A3956D46DE8}") = "src", "src", "{D366B744-AE9F-4CB5-B7FC-022CCD220F77}"
EndProject
Project("{2150E333-8FDC-42A3-9474-1A3956D46DE8}") = "Core", "Core", "{15ECE47C-16B7-49CE-820D-F5A6AB1A1919}"
EndProject
Project("{2150E333-8FDC-42A3-9474-1A3956D46DE8}") = "Modules", "Modules", "{B5CACA52-7868-41A6-B74E-7A381BE11388}"
EndProject
Project("{2150E333-8FDC-42A3-9474-1A3956D46DE8}") = "Chat", "Chat", "{E982FB9C-88B9-4DFC-9E74-303CAE4A8080}"
EndProject
Project("{2150E333-8FDC-42A3-9474-1A3956D46DE8}") = "Ticketing", "Ticketing", "{1D0DA2DE-75E8-41E3-9AA8-A9BAC0A4DAC8}"
EndProject
Project("{FAE04EC0-301F-11D3-BF4B-00C04F79EFBC}") = "Chat.Domain", "Chat.Domain\Chat.Domain.csproj", "{4552199D-0AFD-4992-B686-DF7F02A3FBEF}"
EndProject
Project("{FAE04EC0-301F-11D3-BF4B-00C04F79EFBC}") = "Chat.Application", "Chat.Application\Chat.Application.csproj", "{DD3F635A-A921-475F-BA5C-2F00C42E46BB}"
EndProject
Project("{FAE04EC0-301F-11D3-BF4B-00C04F79EFBC}") = "Chat.Infrastructure", "Chat.Infrastructure\Chat.Infrastructure.csproj", "{EA317A91-B729-46BF-9EAC-DB2B92139232}"
EndProject
Project("{FAE04EC0-301F-11D3-BF4B-00C04F79EFBC}") = "Chat.Api", "Chat.Api\Chat.Api.csproj", "{283097AF-15F4-4E88-B7CA-1C141598212C}"
EndProject
Project("{FAE04EC0-301F-11D3-BF4B-00C04F79EFBC}") = "Ticketing.Api", "Ticketing.Api\Ticketing.Api.csproj", "{D15DCF1B-5D9F-4F21-A105-3DD4A59D2819}"
EndProject
Project("{FAE04EC0-301F-11D3-BF4B-00C04F79EFBC}") = "Ticketing.Application", "Ticketing.Application\Ticketing.Application.csproj", "{366A5C8C-BC50-43C2-9888-1DF64EE5C00E}"
EndProject
Project("{FAE04EC0-301F-11D3-BF4B-00C04F79EFBC}") = "Ticketing.Domain", "Ticketing.Domain\Ticketing.Domain.csproj", "{30DFFB55-4A18-419B-A839-4FF9E45CAC2D}"
EndProject
Project("{FAE04EC0-301F-11D3-BF4B-00C04F79EFBC}") = "Ticketing.Infrastructure", "Ticketing.Infrastructure\Ticketing.Infrastructure.csproj", "{38C2C7F3-4D1A-4F36-A550-390EB98BF493}"
EndProject
Project("{2150E333-8FDC-42A3-9474-1A3956D46DE8}") = "Notifications", "Notifications", "{885FD502-50F6-429C-913D-066BCDD598D1}"
EndProject
Project("{FAE04EC0-301F-11D3-BF4B-00C04F79EFBC}") = "Notifications.Domain", "Notifications.Domain\Notifications.Domain.csproj", "{DDB415D1-758A-48CF-A712-7E5577D8FA70}"
EndProject
Project("{FAE04EC0-301F-11D3-BF4B-00C04F79EFBC}") = "Notifications.Application", "Notifications.Application\Notifications.Application.csproj", "{39906D27-4879-42D0-8F8E-626EA5BF04E5}"
EndProject
Project("{FAE04EC0-301F-11D3-BF4B-00C04F79EFBC}") = "Notifications.Infrastructure", "Notifications.Infrastructure\Notifications.Infrastructure.csproj", "{5C20593C-5109-4719-BF87-27346F80D882}"
EndProject
Project("{FAE04EC0-301F-11D3-BF4B-00C04F79EFBC}") = "Notifications.Api", "Notifications.Api\Notifications.Api.csproj", "{4169472F-3AF6-4B2D-9BFF-FC2ADEA336F0}"
EndProject
Project("{2150E333-8FDC-42A3-9474-1A3956D46DE8}") = "Events", "Events", "{8F1E2A34-5B6C-7D8E-9F0A-1B2C3D4E5F64}"
EndProject
Project("{FAE04EC0-301F-11D3-BF4B-00C04F79EFBC}") = "Events.Domain", "Events.Domain\Events.Domain.csproj", "{8F1E2A34-5B6C-7D8E-9F0A-1B2C3D4E5F60}"
EndProject
Project("{FAE04EC0-301F-11D3-BF4B-00C04F79EFBC}") = "Events.Application", "Events.Application\Events.Application.csproj", "{8F1E2A34-5B6C-7D8E-9F0A-1B2C3D4E5F61}"
EndProject
Project("{FAE04EC0-301F-11D3-BF4B-00C04F79EFBC}") = "Events.Infrastructure", "Events.Infrastructure\Events.Infrastructure.csproj", "{8F1E2A34-5B6C-7D8E-9F0A-1B2C3D4E5F62}"
EndProject
Project("{FAE04EC0-301F-11D3-BF4B-00C04F79EFBC}") = "Events.Api", "Events.Api\Events.Api.csproj", "{8F1E2A34-5B6C-7D8E-9F0A-1B2C3D4E5F63}"
EndProject
Project("{2150E333-8FDC-42A3-9474-1A3956D46DE8}") = "NexusModules", "NexusModules", "{944631FB-5F12-403B-96B0-01F768A3EAD5}"
EndProject
Project("{2150E333-8FDC-42A3-9474-1A3956D46DE8}") = "ProjectManagement", "ProjectManagement", "{107807CE-E1A2-4D72-A0AA-B395E5752F72}"
EndProject
Project("{FAE04EC0-301F-11D3-BF4B-00C04F79EFBC}") = "Nexus.Organization", "Nexus.Organization\Nexus.Organization.csproj", "{14333075-DE82-4848-97A2-6BA761998E8E}"
EndProject
Project("{FAE04EC0-301F-11D3-BF4B-00C04F79EFBC}") = "Nexus.Organization.Infrastructure", "Nexus.Organization.Infrastructure\Nexus.Organization.Infrastructure.csproj", "{FF052533-2CAC-489D-894D-217D5028541F}"
EndProject
Project("{FAE04EC0-301F-11D3-BF4B-00C04F79EFBC}") = "Nexus.Calendar", "Nexus.Calendar\Nexus.Calendar.csproj", "{6E19E059-B399-4167-A9DB-C6FB63AB6A5A}"
EndProject
Project("{FAE04EC0-301F-11D3-BF4B-00C04F79EFBC}") = "Nexus.Calendar.Infrastructure", "Nexus.Calendar.Infrastructure\Nexus.Calendar.Infrastructure.csproj", "{ECD907FE-8D96-46A3-8647-3E6B3C4B462E}"
EndProject
Project("{FAE04EC0-301F-11D3-BF4B-00C04F79EFBC}") = "Nexus.ProjectManagement.Core", "Nexus.ProjectManagement.Core\Nexus.ProjectManagement.Core.csproj", "{DD44A353-DFE6-4987-81F9-A227D4E53F3E}"
EndProject
Project("{FAE04EC0-301F-11D3-BF4B-00C04F79EFBC}") = "Nexus.ProjectManagement.Core.Infrastructure", "Nexus.ProjectManagement.Core.Infrastructure\Nexus.ProjectManagement.Core.Infrastructure.csproj", "{BA0316FE-0576-42A7-BAFD-E63ABA0649FF}"
EndProject
Project("{FAE04EC0-301F-11D3-BF4B-00C04F79EFBC}") = "Nexus.Workflow", "Nexus.Workflow\Nexus.Workflow.csproj", "{359616E8-A984-4FF2-B5D6-6583E20B0506}"
EndProject
Project("{FAE04EC0-301F-11D3-BF4B-00C04F79EFBC}") = "Nexus.Workflow.Infrastructure", "Nexus.Workflow.Infrastructure\Nexus.Workflow.Infrastructure.csproj", "{2C75559A-6A6C-4205-84E8-E80A6884348E}"
EndProject
Project("{FAE04EC0-301F-11D3-BF4B-00C04F79EFBC}") = "Nexus.ProjectManagement.Waterfall", "Nexus.ProjectManagement.Waterfall\Nexus.ProjectManagement.Waterfall.csproj", "{4B318887-4176-4723-B29E-DF0CCF523E91}"
EndProject
Project("{FAE04EC0-301F-11D3-BF4B-00C04F79EFBC}") = "Nexus.ProjectManagement.Waterfall.Infrastructure", "Nexus.ProjectManagement.Waterfall.Infrastructure\Nexus.ProjectManagement.Waterfall.Infrastructure.csproj", "{9281C1BA-C3F5-4C31-9B3F-F5A41A6E239A}"
EndProject
Project("{FAE04EC0-301F-11D3-BF4B-00C04F79EFBC}") = "Nexus.ProjectManagement.Risk", "Nexus.ProjectManagement.Risk\Nexus.ProjectManagement.Risk.csproj", "{8D1582A8-5A72-45F5-A96C-2CF7E11DAF48}"
EndProject
Project("{FAE04EC0-301F-11D3-BF4B-00C04F79EFBC}") = "Nexus.ProjectManagement.Risk.Infrastructure", "Nexus.ProjectManagement.Risk.Infrastructure\Nexus.ProjectManagement.Risk.Infrastructure.csproj", "{D8F16F14-0273-40FA-9B62-AEB4461EF43D}"
EndProject
Project("{FAE04EC0-301F-11D3-BF4B-00C04F79EFBC}") = "Nexus.Actions", "Nexus.Actions\Nexus.Actions.csproj", "{87D74C9B-2DDB-46BA-890E-2291BCF98A67}"
EndProject
Project("{FAE04EC0-301F-11D3-BF4B-00C04F79EFBC}") = "Nexus.Actions.Infrastructure", "Nexus.Actions.Infrastructure\Nexus.Actions.Infrastructure.csproj", "{55EEF9BA-2542-4099-87DA-414836327E05}"
EndProject
Project("{FAE04EC0-301F-11D3-BF4B-00C04F79EFBC}") = "Nexus.ProjectManagement.Team", "Nexus.ProjectManagement.Team\Nexus.ProjectManagement.Team.csproj", "{897B8EE8-DD7D-4820-9CE1-3F5229B69EC7}"
EndProject
Project("{FAE04EC0-301F-11D3-BF4B-00C04F79EFBC}") = "Nexus.ProjectManagement.Team.Infrastructure", "Nexus.ProjectManagement.Team.Infrastructure\Nexus.ProjectManagement.Team.Infrastructure.csproj", "{46435508-A068-4DF3-A8D6-ACA654A492CF}"
EndProject
Project("{FAE04EC0-301F-11D3-BF4B-00C04F79EFBC}") = "Nexus.ProjectManagement.Deliverables", "Nexus.ProjectManagement.Deliverables\Nexus.ProjectManagement.Deliverables.csproj", "{5E9EF089-6343-4064-BD9D-6A6E117304A1}"
EndProject
Project("{FAE04EC0-301F-11D3-BF4B-00C04F79EFBC}") = "Nexus.ProjectManagement.Deliverables.Infrastructure", "Nexus.ProjectManagement.Deliverables.Infrastructure\Nexus.ProjectManagement.Deliverables.Infrastructure.csproj", "{96C10740-E58B-40F3-8AF6-5EEE704457A6}"
EndProject
Project("{FAE04EC0-301F-11D3-BF4B-00C04F79EFBC}") = "Nexus.ProjectManagement.Kpi", "Nexus.ProjectManagement.Kpi\Nexus.ProjectManagement.Kpi.csproj", "{CBC085F9-E204-4C2C-B473-6F2A10BE9768}"
EndProject
Project("{FAE04EC0-301F-11D3-BF4B-00C04F79EFBC}") = "Nexus.ProjectManagement.Kpi.Infrastructure", "Nexus.ProjectManagement.Kpi.Infrastructure\Nexus.ProjectManagement.Kpi.Infrastructure.csproj", "{217BCFB3-F7F7-4507-B2B0-174A2428CC9C}"
EndProject
Project("{FAE04EC0-301F-11D3-BF4B-00C04F79EFBC}") = "Nexus.ProjectManagement.Stakeholder", "Nexus.ProjectManagement.Stakeholder\Nexus.ProjectManagement.Stakeholder.csproj", "{B780B91B-77BD-4EB1-A27A-DE44067116F3}"
EndProject
Project("{FAE04EC0-301F-11D3-BF4B-00C04F79EFBC}") = "Nexus.ProjectManagement.Stakeholder.Infrastructure", "Nexus.ProjectManagement.Stakeholder.Infrastructure\Nexus.ProjectManagement.Stakeholder.Infrastructure.csproj", "{FA57467A-1E86-425C-82B1-6BFF3A0FE0B0}"
EndProject
Project("{FAE04EC0-301F-11D3-BF4B-00C04F79EFBC}") = "Nexus.ProjectManagement.Progress", "Nexus.ProjectManagement.Progress\Nexus.ProjectManagement.Progress.csproj", "{BD9554E0-6D37-4C7D-B9C7-34142A94C980}"
EndProject
Project("{FAE04EC0-301F-11D3-BF4B-00C04F79EFBC}") = "Nexus.ProjectManagement.Progress.Infrastructure", "Nexus.ProjectManagement.Progress.Infrastructure\Nexus.ProjectManagement.Progress.Infrastructure.csproj", "{BC22FAFA-F1EF-452D-B55A-AEBDC14714AB}"
EndProject
Project("{FAE04EC0-301F-11D3-BF4B-00C04F79EFBC}") = "Nexus.ProjectManagement.Agile", "Nexus.ProjectManagement.Agile\Nexus.ProjectManagement.Agile.csproj", "{81A1F2A3-2E42-404A-AE9F-91FF1D727B67}"
EndProject
Project("{FAE04EC0-301F-11D3-BF4B-00C04F79EFBC}") = "Nexus.ProjectManagement.Agile.Infrastructure", "Nexus.ProjectManagement.Agile.Infrastructure\Nexus.ProjectManagement.Agile.Infrastructure.csproj", "{473D60DD-FA88-4B90-9054-B97D90F9CC74}"
EndProject
Project("{FAE04EC0-301F-11D3-BF4B-00C04F79EFBC}") = "Nexus.ProjectManagement.Documents", "Nexus.ProjectManagement.Documents\Nexus.ProjectManagement.Documents.csproj", "{97EB459A-3B30-48A6-A558-EDC38347898D}"
EndProject
Project("{FAE04EC0-301F-11D3-BF4B-00C04F79EFBC}") = "Nexus.ProjectManagement.Documents.Infrastructure", "Nexus.ProjectManagement.Documents.Infrastructure\Nexus.ProjectManagement.Documents.Infrastructure.csproj", "{97C86F56-900B-4F97-8CF9-7D640905953F}"
EndProject
Project("{FAE04EC0-301F-11D3-BF4B-00C04F79EFBC}") = "Nexus.Knowledge", "Nexus.Knowledge\Nexus.Knowledge.csproj", "{8EA4FC37-EB98-40C2-97A0-D18A48B099DE}"
EndProject
Project("{FAE04EC0-301F-11D3-BF4B-00C04F79EFBC}") = "Nexus.Knowledge.Infrastructure", "Nexus.Knowledge.Infrastructure\Nexus.Knowledge.Infrastructure.csproj", "{3D4F0ED4-9AC5-4515-AB38-DF5C7105AF16}"
EndProject
Project("{FAE04EC0-301F-11D3-BF4B-00C04F79EFBC}") = "Nexus.Strategy", "Nexus.Strategy\Nexus.Strategy.csproj", "{1C0F00AB-9CA3-47F6-B75E-ABE560D20A89}"
EndProject
Project("{FAE04EC0-301F-11D3-BF4B-00C04F79EFBC}") = "Nexus.Strategy.Infrastructure", "Nexus.Strategy.Infrastructure\Nexus.Strategy.Infrastructure.csproj", "{13D27B04-FEFA-46E7-A147-269E04791623}"
EndProject
Project("{2150E333-8FDC-42A3-9474-1A3956D46DE8}") = "Integrations", "Integrations", "{B220D83C-781A-4E83-AD9B-1DF7AFA50D91}"
EndProject
Project("{FAE04EC0-301F-11D3-BF4B-00C04F79EFBC}") = "Nexus.Integrations.ProjectStrategyAlignment", "Nexus.Integrations.ProjectStrategyAlignment\Nexus.Integrations.ProjectStrategyAlignment.csproj", "{E821A4C4-E918-4BC1-9251-BB64B289F39A}"
EndProject
Project("{FAE04EC0-301F-11D3-BF4B-00C04F79EFBC}") = "Nexus.Integrations.ProjectStrategyAlignment.Infrastructure", "Nexus.Integrations.ProjectStrategyAlignment.Infrastructure\Nexus.Integrations.ProjectStrategyAlignment.Infrastructure.csproj", "{727E45EF-1520-4360-883D-2507EE1018B0}"
EndProject
Project("{FAE04EC0-301F-11D3-BF4B-00C04F79EFBC}") = "Nexus.Integrations.ProjectWorkflow", "Nexus.Integrations.ProjectWorkflow\Nexus.Integrations.ProjectWorkflow.csproj", "{122B6F1D-5799-475D-9387-C816D5E63965}"
EndProject
Project("{FAE04EC0-301F-11D3-BF4B-00C04F79EFBC}") = "Nexus.Portfolio", "Nexus.Portfolio\Nexus.Portfolio.csproj", "{557FBF40-2481-4C2E-907F-7F6C17BEBE00}"
EndProject
Project("{FAE04EC0-301F-11D3-BF4B-00C04F79EFBC}") = "Nexus.Reporting", "Nexus.Reporting\Nexus.Reporting.csproj", "{DB1FA7BA-31FA-465D-9EDA-6118EEABA59D}"
EndProject
Project("{2150E333-8FDC-42A3-9474-1A3956D46DE8}") = "Applications", "Applications", "{55A687E6-18D6-4B3D-80E0-BC571135A0AB}"
EndProject
Project("{2150E333-8FDC-42A3-9474-1A3956D46DE8}") = "Tests", "Tests", "{70D970F3-E6E8-4043-88AA-4CBD87FF87B9}"
EndProject
Project("{FAE04EC0-301F-11D3-BF4B-00C04F79EFBC}") = "Rozet.Api", "Rozet.Api\Rozet.Api.csproj", "{8C12A148-0332-44F1-895E-ABE602E1827D}"
EndProject
Project("{FAE04EC0-301F-11D3-BF4B-00C04F79EFBC}") = "PostbankPM", "PostbankPM\PostbankPM.csproj", "{0B7C40B0-138B-48C1-B57E-87854D401DD7}"
EndProject
Global
	GlobalSection(SolutionConfigurationPlatforms) = preSolution
		Debug|Any CPU = Debug|Any CPU
		Release|Any CPU = Release|Any CPU
	EndGlobalSection
	GlobalSection(ProjectConfigurationPlatforms) = postSolution
		{401B1ADA-9A29-4275-A896-131521A5373C}.Debug|Any CPU.ActiveCfg = Debug|Any CPU
		{401B1ADA-9A29-4275-A896-131521A5373C}.Debug|Any CPU.Build.0 = Debug|Any CPU
		{401B1ADA-9A29-4275-A896-131521A5373C}.Release|Any CPU.ActiveCfg = Release|Any CPU
		{401B1ADA-9A29-4275-A896-131521A5373C}.Release|Any CPU.Build.0 = Release|Any CPU
		{21B67F9D-1D74-4C33-BC10-3BCC64FCAEAB}.Debug|Any CPU.ActiveCfg = Debug|Any CPU
		{21B67F9D-1D74-4C33-BC10-3BCC64FCAEAB}.Debug|Any CPU.Build.0 = Debug|Any CPU
		{21B67F9D-1D74-4C33-BC10-3BCC64FCAEAB}.Release|Any CPU.ActiveCfg = Release|Any CPU
		{21B67F9D-1D74-4C33-BC10-3BCC64FCAEAB}.Release|Any CPU.Build.0 = Release|Any CPU
		{BB674B45-3FE8-4EF7-8F44-5108E0A4E7E8}.Debug|Any CPU.ActiveCfg = Debug|Any CPU
		{BB674B45-3FE8-4EF7-8F44-5108E0A4E7E8}.Debug|Any CPU.Build.0 = Debug|Any CPU
		{BB674B45-3FE8-4EF7-8F44-5108E0A4E7E8}.Release|Any CPU.ActiveCfg = Release|Any CPU
		{BB674B45-3FE8-4EF7-8F44-5108E0A4E7E8}.Release|Any CPU.Build.0 = Release|Any CPU
		{D41AD993-9E0B-41A0-8188-58A0F86F0B14}.Debug|Any CPU.ActiveCfg = Debug|Any CPU
		{D41AD993-9E0B-41A0-8188-58A0F86F0B14}.Debug|Any CPU.Build.0 = Debug|Any CPU
		{D41AD993-9E0B-41A0-8188-58A0F86F0B14}.Release|Any CPU.ActiveCfg = Release|Any CPU
		{D41AD993-9E0B-41A0-8188-58A0F86F0B14}.Release|Any CPU.Build.0 = Release|Any CPU
		{9DE21B36-6119-4B49-9323-963F788B6BDC}.Debug|Any CPU.ActiveCfg = Debug|Any CPU
		{9DE21B36-6119-4B49-9323-963F788B6BDC}.Debug|Any CPU.Build.0 = Debug|Any CPU
		{9DE21B36-6119-4B49-9323-963F788B6BDC}.Release|Any CPU.ActiveCfg = Release|Any CPU
		{9DE21B36-6119-4B49-9323-963F788B6BDC}.Release|Any CPU.Build.0 = Release|Any CPU
		{6727C727-5377-4100-8AE5-61472B40A26C}.Debug|Any CPU.ActiveCfg = Debug|Any CPU
		{6727C727-5377-4100-8AE5-61472B40A26C}.Debug|Any CPU.Build.0 = Debug|Any CPU
		{6727C727-5377-4100-8AE5-61472B40A26C}.Release|Any CPU.ActiveCfg = Release|Any CPU
		{6727C727-5377-4100-8AE5-61472B40A26C}.Release|Any CPU.Build.0 = Release|Any CPU
		{3815CADA-33B5-48F6-BF78-387F75A03007}.Debug|Any CPU.ActiveCfg = Debug|Any CPU
		{3815CADA-33B5-48F6-BF78-387F75A03007}.Debug|Any CPU.Build.0 = Debug|Any CPU
		{3815CADA-33B5-48F6-BF78-387F75A03007}.Release|Any CPU.ActiveCfg = Release|Any CPU
		{3815CADA-33B5-48F6-BF78-387F75A03007}.Release|Any CPU.Build.0 = Release|Any CPU
		{4552199D-0AFD-4992-B686-DF7F02A3FBEF}.Debug|Any CPU.ActiveCfg = Debug|Any CPU
		{4552199D-0AFD-4992-B686-DF7F02A3FBEF}.Debug|Any CPU.Build.0 = Debug|Any CPU
		{4552199D-0AFD-4992-B686-DF7F02A3FBEF}.Release|Any CPU.ActiveCfg = Release|Any CPU
		{4552199D-0AFD-4992-B686-DF7F02A3FBEF}.Release|Any CPU.Build.0 = Release|Any CPU
		{DD3F635A-A921-475F-BA5C-2F00C42E46BB}.Debug|Any CPU.ActiveCfg = Debug|Any CPU
		{DD3F635A-A921-475F-BA5C-2F00C42E46BB}.Debug|Any CPU.Build.0 = Debug|Any CPU
		{DD3F635A-A921-475F-BA5C-2F00C42E46BB}.Release|Any CPU.ActiveCfg = Release|Any CPU
		{DD3F635A-A921-475F-BA5C-2F00C42E46BB}.Release|Any CPU.Build.0 = Release|Any CPU
		{EA317A91-B729-46BF-9EAC-DB2B92139232}.Debug|Any CPU.ActiveCfg = Debug|Any CPU
		{EA317A91-B729-46BF-9EAC-DB2B92139232}.Debug|Any CPU.Build.0 = Debug|Any CPU
		{EA317A91-B729-46BF-9EAC-DB2B92139232}.Release|Any CPU.ActiveCfg = Release|Any CPU
		{EA317A91-B729-46BF-9EAC-DB2B92139232}.Release|Any CPU.Build.0 = Release|Any CPU
		{283097AF-15F4-4E88-B7CA-1C141598212C}.Debug|Any CPU.ActiveCfg = Debug|Any CPU
		{283097AF-15F4-4E88-B7CA-1C141598212C}.Debug|Any CPU.Build.0 = Debug|Any CPU
		{283097AF-15F4-4E88-B7CA-1C141598212C}.Release|Any CPU.ActiveCfg = Release|Any CPU
		{283097AF-15F4-4E88-B7CA-1C141598212C}.Release|Any CPU.Build.0 = Release|Any CPU
		{D15DCF1B-5D9F-4F21-A105-3DD4A59D2819}.Debug|Any CPU.ActiveCfg = Debug|Any CPU
		{D15DCF1B-5D9F-4F21-A105-3DD4A59D2819}.Debug|Any CPU.Build.0 = Debug|Any CPU
		{D15DCF1B-5D9F-4F21-A105-3DD4A59D2819}.Release|Any CPU.ActiveCfg = Release|Any CPU
		{D15DCF1B-5D9F-4F21-A105-3DD4A59D2819}.Release|Any CPU.Build.0 = Release|Any CPU
		{366A5C8C-BC50-43C2-9888-1DF64EE5C00E}.Debug|Any CPU.ActiveCfg = Debug|Any CPU
		{366A5C8C-BC50-43C2-9888-1DF64EE5C00E}.Debug|Any CPU.Build.0 = Debug|Any CPU
		{366A5C8C-BC50-43C2-9888-1DF64EE5C00E}.Release|Any CPU.ActiveCfg = Release|Any CPU
		{366A5C8C-BC50-43C2-9888-1DF64EE5C00E}.Release|Any CPU.Build.0 = Release|Any CPU
		{30DFFB55-4A18-419B-A839-4FF9E45CAC2D}.Debug|Any CPU.ActiveCfg = Debug|Any CPU
		{30DFFB55-4A18-419B-A839-4FF9E45CAC2D}.Debug|Any CPU.Build.0 = Debug|Any CPU
		{30DFFB55-4A18-419B-A839-4FF9E45CAC2D}.Release|Any CPU.ActiveCfg = Release|Any CPU
		{30DFFB55-4A18-419B-A839-4FF9E45CAC2D}.Release|Any CPU.Build.0 = Release|Any CPU
		{38C2C7F3-4D1A-4F36-A550-390EB98BF493}.Debug|Any CPU.ActiveCfg = Debug|Any CPU
		{38C2C7F3-4D1A-4F36-A550-390EB98BF493}.Debug|Any CPU.Build.0 = Debug|Any CPU
		{38C2C7F3-4D1A-4F36-A550-390EB98BF493}.Release|Any CPU.ActiveCfg = Release|Any CPU
		{38C2C7F3-4D1A-4F36-A550-390EB98BF493}.Release|Any CPU.Build.0 = Release|Any CPU
		{DDB415D1-758A-48CF-A712-7E5577D8FA70}.Debug|Any CPU.ActiveCfg = Debug|Any CPU
		{DDB415D1-758A-48CF-A712-7E5577D8FA70}.Debug|Any CPU.Build.0 = Debug|Any CPU
		{DDB415D1-758A-48CF-A712-7E5577D8FA70}.Release|Any CPU.ActiveCfg = Release|Any CPU
		{DDB415D1-758A-48CF-A712-7E5577D8FA70}.Release|Any CPU.Build.0 = Release|Any CPU
		{39906D27-4879-42D0-8F8E-626EA5BF04E5}.Debug|Any CPU.ActiveCfg = Debug|Any CPU
		{39906D27-4879-42D0-8F8E-626EA5BF04E5}.Debug|Any CPU.Build.0 = Debug|Any CPU
		{39906D27-4879-42D0-8F8E-626EA5BF04E5}.Release|Any CPU.ActiveCfg = Release|Any CPU
		{39906D27-4879-42D0-8F8E-626EA5BF04E5}.Release|Any CPU.Build.0 = Release|Any CPU
		{5C20593C-5109-4719-BF87-27346F80D882}.Debug|Any CPU.ActiveCfg = Debug|Any CPU
		{5C20593C-5109-4719-BF87-27346F80D882}.Debug|Any CPU.Build.0 = Debug|Any CPU
		{5C20593C-5109-4719-BF87-27346F80D882}.Release|Any CPU.ActiveCfg = Release|Any CPU
		{5C20593C-5109-4719-BF87-27346F80D882}.Release|Any CPU.Build.0 = Release|Any CPU
		{4169472F-3AF6-4B2D-9BFF-FC2ADEA336F0}.Debug|Any CPU.ActiveCfg = Debug|Any CPU
		{4169472F-3AF6-4B2D-9BFF-FC2ADEA336F0}.Debug|Any CPU.Build.0 = Debug|Any CPU
		{4169472F-3AF6-4B2D-9BFF-FC2ADEA336F0}.Release|Any CPU.ActiveCfg = Release|Any CPU
		{4169472F-3AF6-4B2D-9BFF-FC2ADEA336F0}.Release|Any CPU.Build.0 = Release|Any CPU
		{8F1E2A34-5B6C-7D8E-9F0A-1B2C3D4E5F60}.Debug|Any CPU.ActiveCfg = Debug|Any CPU
		{8F1E2A34-5B6C-7D8E-9F0A-1B2C3D4E5F60}.Debug|Any CPU.Build.0 = Debug|Any CPU
		{8F1E2A34-5B6C-7D8E-9F0A-1B2C3D4E5F60}.Release|Any CPU.ActiveCfg = Release|Any CPU
		{8F1E2A34-5B6C-7D8E-9F0A-1B2C3D4E5F60}.Release|Any CPU.Build.0 = Release|Any CPU
		{8F1E2A34-5B6C-7D8E-9F0A-1B2C3D4E5F61}.Debug|Any CPU.ActiveCfg = Debug|Any CPU
		{8F1E2A34-5B6C-7D8E-9F0A-1B2C3D4E5F61}.Debug|Any CPU.Build.0 = Debug|Any CPU
		{8F1E2A34-5B6C-7D8E-9F0A-1B2C3D4E5F61}.Release|Any CPU.ActiveCfg = Release|Any CPU
		{8F1E2A34-5B6C-7D8E-9F0A-1B2C3D4E5F61}.Release|Any CPU.Build.0 = Release|Any CPU
		{8F1E2A34-5B6C-7D8E-9F0A-1B2C3D4E5F62}.Debug|Any CPU.ActiveCfg = Debug|Any CPU
		{8F1E2A34-5B6C-7D8E-9F0A-1B2C3D4E5F62}.Debug|Any CPU.Build.0 = Debug|Any CPU
		{8F1E2A34-5B6C-7D8E-9F0A-1B2C3D4E5F62}.Release|Any CPU.ActiveCfg = Release|Any CPU
		{8F1E2A34-5B6C-7D8E-9F0A-1B2C3D4E5F62}.Release|Any CPU.Build.0 = Release|Any CPU
		{8F1E2A34-5B6C-7D8E-9F0A-1B2C3D4E5F63}.Debug|Any CPU.ActiveCfg = Debug|Any CPU
		{8F1E2A34-5B6C-7D8E-9F0A-1B2C3D4E5F63}.Debug|Any CPU.Build.0 = Debug|Any CPU
		{8F1E2A34-5B6C-7D8E-9F0A-1B2C3D4E5F63}.Release|Any CPU.ActiveCfg = Release|Any CPU
		{8F1E2A34-5B6C-7D8E-9F0A-1B2C3D4E5F63}.Release|Any CPU.Build.0 = Release|Any CPU
		{14333075-DE82-4848-97A2-6BA761998E8E}.Debug|Any CPU.ActiveCfg = Debug|Any CPU
		{14333075-DE82-4848-97A2-6BA761998E8E}.Debug|Any CPU.Build.0 = Debug|Any CPU
		{14333075-DE82-4848-97A2-6BA761998E8E}.Release|Any CPU.ActiveCfg = Release|Any CPU
		{14333075-DE82-4848-97A2-6BA761998E8E}.Release|Any CPU.Build.0 = Release|Any CPU
		{FF052533-2CAC-489D-894D-217D5028541F}.Debug|Any CPU.ActiveCfg = Debug|Any CPU
		{FF052533-2CAC-489D-894D-217D5028541F}.Debug|Any CPU.Build.0 = Debug|Any CPU
		{FF052533-2CAC-489D-894D-217D5028541F}.Release|Any CPU.ActiveCfg = Release|Any CPU
		{FF052533-2CAC-489D-894D-217D5028541F}.Release|Any CPU.Build.0 = Release|Any CPU
		{6E19E059-B399-4167-A9DB-C6FB63AB6A5A}.Debug|Any CPU.ActiveCfg = Debug|Any CPU
		{6E19E059-B399-4167-A9DB-C6FB63AB6A5A}.Debug|Any CPU.Build.0 = Debug|Any CPU
		{6E19E059-B399-4167-A9DB-C6FB63AB6A5A}.Release|Any CPU.ActiveCfg = Release|Any CPU
		{6E19E059-B399-4167-A9DB-C6FB63AB6A5A}.Release|Any CPU.Build.0 = Release|Any CPU
		{ECD907FE-8D96-46A3-8647-3E6B3C4B462E}.Debug|Any CPU.ActiveCfg = Debug|Any CPU
		{ECD907FE-8D96-46A3-8647-3E6B3C4B462E}.Debug|Any CPU.Build.0 = Debug|Any CPU
		{ECD907FE-8D96-46A3-8647-3E6B3C4B462E}.Release|Any CPU.ActiveCfg = Release|Any CPU
		{ECD907FE-8D96-46A3-8647-3E6B3C4B462E}.Release|Any CPU.Build.0 = Release|Any CPU
		{DD44A353-DFE6-4987-81F9-A227D4E53F3E}.Debug|Any CPU.ActiveCfg = Debug|Any CPU
		{DD44A353-DFE6-4987-81F9-A227D4E53F3E}.Debug|Any CPU.Build.0 = Debug|Any CPU
		{DD44A353-DFE6-4987-81F9-A227D4E53F3E}.Release|Any CPU.ActiveCfg = Release|Any CPU
		{DD44A353-DFE6-4987-81F9-A227D4E53F3E}.Release|Any CPU.Build.0 = Release|Any CPU
		{BA0316FE-0576-42A7-BAFD-E63ABA0649FF}.Debug|Any CPU.ActiveCfg = Debug|Any CPU
		{BA0316FE-0576-42A7-BAFD-E63ABA0649FF}.Debug|Any CPU.Build.0 = Debug|Any CPU
		{BA0316FE-0576-42A7-BAFD-E63ABA0649FF}.Release|Any CPU.ActiveCfg = Release|Any CPU
		{BA0316FE-0576-42A7-BAFD-E63ABA0649FF}.Release|Any CPU.Build.0 = Release|Any CPU
		{359616E8-A984-4FF2-B5D6-6583E20B0506}.Debug|Any CPU.ActiveCfg = Debug|Any CPU
		{359616E8-A984-4FF2-B5D6-6583E20B0506}.Debug|Any CPU.Build.0 = Debug|Any CPU
		{359616E8-A984-4FF2-B5D6-6583E20B0506}.Release|Any CPU.ActiveCfg = Release|Any CPU
		{359616E8-A984-4FF2-B5D6-6583E20B0506}.Release|Any CPU.Build.0 = Release|Any CPU
		{2C75559A-6A6C-4205-84E8-E80A6884348E}.Debug|Any CPU.ActiveCfg = Debug|Any CPU
		{2C75559A-6A6C-4205-84E8-E80A6884348E}.Debug|Any CPU.Build.0 = Debug|Any CPU
		{2C75559A-6A6C-4205-84E8-E80A6884348E}.Release|Any CPU.ActiveCfg = Release|Any CPU
		{2C75559A-6A6C-4205-84E8-E80A6884348E}.Release|Any CPU.Build.0 = Release|Any CPU
		{4B318887-4176-4723-B29E-DF0CCF523E91}.Debug|Any CPU.ActiveCfg = Debug|Any CPU
		{4B318887-4176-4723-B29E-DF0CCF523E91}.Debug|Any CPU.Build.0 = Debug|Any CPU
		{4B318887-4176-4723-B29E-DF0CCF523E91}.Release|Any CPU.ActiveCfg = Release|Any CPU
		{4B318887-4176-4723-B29E-DF0CCF523E91}.Release|Any CPU.Build.0 = Release|Any CPU
		{9281C1BA-C3F5-4C31-9B3F-F5A41A6E239A}.Debug|Any CPU.ActiveCfg = Debug|Any CPU
		{9281C1BA-C3F5-4C31-9B3F-F5A41A6E239A}.Debug|Any CPU.Build.0 = Debug|Any CPU
		{9281C1BA-C3F5-4C31-9B3F-F5A41A6E239A}.Release|Any CPU.ActiveCfg = Release|Any CPU
		{9281C1BA-C3F5-4C31-9B3F-F5A41A6E239A}.Release|Any CPU.Build.0 = Release|Any CPU
		{8D1582A8-5A72-45F5-A96C-2CF7E11DAF48}.Debug|Any CPU.ActiveCfg = Debug|Any CPU
		{8D1582A8-5A72-45F5-A96C-2CF7E11DAF48}.Debug|Any CPU.Build.0 = Debug|Any CPU
		{8D1582A8-5A72-45F5-A96C-2CF7E11DAF48}.Release|Any CPU.ActiveCfg = Release|Any CPU
		{8D1582A8-5A72-45F5-A96C-2CF7E11DAF48}.Release|Any CPU.Build.0 = Release|Any CPU
		{D8F16F14-0273-40FA-9B62-AEB4461EF43D}.Debug|Any CPU.ActiveCfg = Debug|Any CPU
		{D8F16F14-0273-40FA-9B62-AEB4461EF43D}.Debug|Any CPU.Build.0 = Debug|Any CPU
		{D8F16F14-0273-40FA-9B62-AEB4461EF43D}.Release|Any CPU.ActiveCfg = Release|Any CPU
		{D8F16F14-0273-40FA-9B62-AEB4461EF43D}.Release|Any CPU.Build.0 = Release|Any CPU
		{87D74C9B-2DDB-46BA-890E-2291BCF98A67}.Debug|Any CPU.ActiveCfg = Debug|Any CPU
		{87D74C9B-2DDB-46BA-890E-2291BCF98A67}.Debug|Any CPU.Build.0 = Debug|Any CPU
		{87D74C9B-2DDB-46BA-890E-2291BCF98A67}.Release|Any CPU.ActiveCfg = Release|Any CPU
		{87D74C9B-2DDB-46BA-890E-2291BCF98A67}.Release|Any CPU.Build.0 = Release|Any CPU
		{55EEF9BA-2542-4099-87DA-414836327E05}.Debug|Any CPU.ActiveCfg = Debug|Any CPU
		{55EEF9BA-2542-4099-87DA-414836327E05}.Debug|Any CPU.Build.0 = Debug|Any CPU
		{55EEF9BA-2542-4099-87DA-414836327E05}.Release|Any CPU.ActiveCfg = Release|Any CPU
		{55EEF9BA-2542-4099-87DA-414836327E05}.Release|Any CPU.Build.0 = Release|Any CPU
		{897B8EE8-DD7D-4820-9CE1-3F5229B69EC7}.Debug|Any CPU.ActiveCfg = Debug|Any CPU
		{897B8EE8-DD7D-4820-9CE1-3F5229B69EC7}.Debug|Any CPU.Build.0 = Debug|Any CPU
		{897B8EE8-DD7D-4820-9CE1-3F5229B69EC7}.Release|Any CPU.ActiveCfg = Release|Any CPU
		{897B8EE8-DD7D-4820-9CE1-3F5229B69EC7}.Release|Any CPU.Build.0 = Release|Any CPU
		{46435508-A068-4DF3-A8D6-ACA654A492CF}.Debug|Any CPU.ActiveCfg = Debug|Any CPU
		{46435508-A068-4DF3-A8D6-ACA654A492CF}.Debug|Any CPU.Build.0 = Debug|Any CPU
		{46435508-A068-4DF3-A8D6-ACA654A492CF}.Release|Any CPU.ActiveCfg = Release|Any CPU
		{46435508-A068-4DF3-A8D6-ACA654A492CF}.Release|Any CPU.Build.0 = Release|Any CPU
		{5E9EF089-6343-4064-BD9D-6A6E117304A1}.Debug|Any CPU.ActiveCfg = Debug|Any CPU
		{5E9EF089-6343-4064-BD9D-6A6E117304A1}.Debug|Any CPU.Build.0 = Debug|Any CPU
		{5E9EF089-6343-4064-BD9D-6A6E117304A1}.Release|Any CPU.ActiveCfg = Release|Any CPU
		{5E9EF089-6343-4064-BD9D-6A6E117304A1}.Release|Any CPU.Build.0 = Release|Any CPU
		{96C10740-E58B-40F3-8AF6-5EEE704457A6}.Debug|Any CPU.ActiveCfg = Debug|Any CPU
		{96C10740-E58B-40F3-8AF6-5EEE704457A6}.Debug|Any CPU.Build.0 = Debug|Any CPU
		{96C10740-E58B-40F3-8AF6-5EEE704457A6}.Release|Any CPU.ActiveCfg = Release|Any CPU
		{96C10740-E58B-40F3-8AF6-5EEE704457A6}.Release|Any CPU.Build.0 = Release|Any CPU
		{CBC085F9-E204-4C2C-B473-6F2A10BE9768}.Debug|Any CPU.ActiveCfg = Debug|Any CPU
		{CBC085F9-E204-4C2C-B473-6F2A10BE9768}.Debug|Any CPU.Build.0 = Debug|Any CPU
		{CBC085F9-E204-4C2C-B473-6F2A10BE9768}.Release|Any CPU.ActiveCfg = Release|Any CPU
		{CBC085F9-E204-4C2C-B473-6F2A10BE9768}.Release|Any CPU.Build.0 = Release|Any CPU
		{217BCFB3-F7F7-4507-B2B0-174A2428CC9C}.Debug|Any CPU.ActiveCfg = Debug|Any CPU
		{217BCFB3-F7F7-4507-B2B0-174A2428CC9C}.Debug|Any CPU.Build.0 = Debug|Any CPU
		{217BCFB3-F7F7-4507-B2B0-174A2428CC9C}.Release|Any CPU.ActiveCfg = Release|Any CPU
		{217BCFB3-F7F7-4507-B2B0-174A2428CC9C}.Release|Any CPU.Build.0 = Release|Any CPU
		{B780B91B-77BD-4EB1-A27A-DE44067116F3}.Debug|Any CPU.ActiveCfg = Debug|Any CPU
		{B780B91B-77BD-4EB1-A27A-DE44067116F3}.Debug|Any CPU.Build.0 = Debug|Any CPU
		{B780B91B-77BD-4EB1-A27A-DE44067116F3}.Release|Any CPU.ActiveCfg = Release|Any CPU
		{B780B91B-77BD-4EB1-A27A-DE44067116F3}.Release|Any CPU.Build.0 = Release|Any CPU
		{FA57467A-1E86-425C-82B1-6BFF3A0FE0B0}.Debug|Any CPU.ActiveCfg = Debug|Any CPU
		{FA57467A-1E86-425C-82B1-6BFF3A0FE0B0}.Debug|Any CPU.Build.0 = Debug|Any CPU
		{FA57467A-1E86-425C-82B1-6BFF3A0FE0B0}.Release|Any CPU.ActiveCfg = Release|Any CPU
		{FA57467A-1E86-425C-82B1-6BFF3A0FE0B0}.Release|Any CPU.Build.0 = Release|Any CPU
		{BD9554E0-6D37-4C7D-B9C7-34142A94C980}.Debug|Any CPU.ActiveCfg = Debug|Any CPU
		{BD9554E0-6D37-4C7D-B9C7-34142A94C980}.Debug|Any CPU.Build.0 = Debug|Any CPU
		{BD9554E0-6D37-4C7D-B9C7-34142A94C980}.Release|Any CPU.ActiveCfg = Release|Any CPU
		{BD9554E0-6D37-4C7D-B9C7-34142A94C980}.Release|Any CPU.Build.0 = Release|Any CPU
		{BC22FAFA-F1EF-452D-B55A-AEBDC14714AB}.Debug|Any CPU.ActiveCfg = Debug|Any CPU
		{BC22FAFA-F1EF-452D-B55A-AEBDC14714AB}.Debug|Any CPU.Build.0 = Debug|Any CPU
		{BC22FAFA-F1EF-452D-B55A-AEBDC14714AB}.Release|Any CPU.ActiveCfg = Release|Any CPU
		{BC22FAFA-F1EF-452D-B55A-AEBDC14714AB}.Release|Any CPU.Build.0 = Release|Any CPU
		{81A1F2A3-2E42-404A-AE9F-91FF1D727B67}.Debug|Any CPU.ActiveCfg = Debug|Any CPU
		{81A1F2A3-2E42-404A-AE9F-91FF1D727B67}.Debug|Any CPU.Build.0 = Debug|Any CPU
		{81A1F2A3-2E42-404A-AE9F-91FF1D727B67}.Release|Any CPU.ActiveCfg = Release|Any CPU
		{81A1F2A3-2E42-404A-AE9F-91FF1D727B67}.Release|Any CPU.Build.0 = Release|Any CPU
		{473D60DD-FA88-4B90-9054-B97D90F9CC74}.Debug|Any CPU.ActiveCfg = Debug|Any CPU
		{473D60DD-FA88-4B90-9054-B97D90F9CC74}.Debug|Any CPU.Build.0 = Debug|Any CPU
		{473D60DD-FA88-4B90-9054-B97D90F9CC74}.Release|Any CPU.ActiveCfg = Release|Any CPU
		{473D60DD-FA88-4B90-9054-B97D90F9CC74}.Release|Any CPU.Build.0 = Release|Any CPU
		{97EB459A-3B30-48A6-A558-EDC38347898D}.Debug|Any CPU.ActiveCfg = Debug|Any CPU
		{97EB459A-3B30-48A6-A558-EDC38347898D}.Debug|Any CPU.Build.0 = Debug|Any CPU
		{97EB459A-3B30-48A6-A558-EDC38347898D}.Release|Any CPU.ActiveCfg = Release|Any CPU
		{97EB459A-3B30-48A6-A558-EDC38347898D}.Release|Any CPU.Build.0 = Release|Any CPU
		{97C86F56-900B-4F97-8CF9-7D640905953F}.Debug|Any CPU.ActiveCfg = Debug|Any CPU
		{97C86F56-900B-4F97-8CF9-7D640905953F}.Debug|Any CPU.Build.0 = Debug|Any CPU
		{97C86F56-900B-4F97-8CF9-7D640905953F}.Release|Any CPU.ActiveCfg = Release|Any CPU
		{97C86F56-900B-4F97-8CF9-7D640905953F}.Release|Any CPU.Build.0 = Release|Any CPU
		{8EA4FC37-EB98-40C2-97A0-D18A48B099DE}.Debug|Any CPU.ActiveCfg = Debug|Any CPU
		{8EA4FC37-EB98-40C2-97A0-D18A48B099DE}.Debug|Any CPU.Build.0 = Debug|Any CPU
		{8EA4FC37-EB98-40C2-97A0-D18A48B099DE}.Release|Any CPU.ActiveCfg = Release|Any CPU
		{8EA4FC37-EB98-40C2-97A0-D18A48B099DE}.Release|Any CPU.Build.0 = Release|Any CPU
		{3D4F0ED4-9AC5-4515-AB38-DF5C7105AF16}.Debug|Any CPU.ActiveCfg = Debug|Any CPU
		{3D4F0ED4-9AC5-4515-AB38-DF5C7105AF16}.Debug|Any CPU.Build.0 = Debug|Any CPU
		{3D4F0ED4-9AC5-4515-AB38-DF5C7105AF16}.Release|Any CPU.ActiveCfg = Release|Any CPU
		{3D4F0ED4-9AC5-4515-AB38-DF5C7105AF16}.Release|Any CPU.Build.0 = Release|Any CPU
		{1C0F00AB-9CA3-47F6-B75E-ABE560D20A89}.Debug|Any CPU.ActiveCfg = Debug|Any CPU
		{1C0F00AB-9CA3-47F6-B75E-ABE560D20A89}.Debug|Any CPU.Build.0 = Debug|Any CPU
		{1C0F00AB-9CA3-47F6-B75E-ABE560D20A89}.Release|Any CPU.ActiveCfg = Release|Any CPU
		{1C0F00AB-9CA3-47F6-B75E-ABE560D20A89}.Release|Any CPU.Build.0 = Release|Any CPU
		{13D27B04-FEFA-46E7-A147-269E04791623}.Debug|Any CPU.ActiveCfg = Debug|Any CPU
		{13D27B04-FEFA-46E7-A147-269E04791623}.Debug|Any CPU.Build.0 = Debug|Any CPU
		{13D27B04-FEFA-46E7-A147-269E04791623}.Release|Any CPU.ActiveCfg = Release|Any CPU
		{13D27B04-FEFA-46E7-A147-269E04791623}.Release|Any CPU.Build.0 = Release|Any CPU
		{E821A4C4-E918-4BC1-9251-BB64B289F39A}.Debug|Any CPU.ActiveCfg = Debug|Any CPU
		{E821A4C4-E918-4BC1-9251-BB64B289F39A}.Debug|Any CPU.Build.0 = Debug|Any CPU
		{E821A4C4-E918-4BC1-9251-BB64B289F39A}.Release|Any CPU.ActiveCfg = Release|Any CPU
		{E821A4C4-E918-4BC1-9251-BB64B289F39A}.Release|Any CPU.Build.0 = Release|Any CPU
		{727E45EF-1520-4360-883D-2507EE1018B0}.Debug|Any CPU.ActiveCfg = Debug|Any CPU
		{727E45EF-1520-4360-883D-2507EE1018B0}.Debug|Any CPU.Build.0 = Debug|Any CPU
		{727E45EF-1520-4360-883D-2507EE1018B0}.Release|Any CPU.ActiveCfg = Release|Any CPU
		{727E45EF-1520-4360-883D-2507EE1018B0}.Release|Any CPU.Build.0 = Release|Any CPU
		{122B6F1D-5799-475D-9387-C816D5E63965}.Debug|Any CPU.ActiveCfg = Debug|Any CPU
		{122B6F1D-5799-475D-9387-C816D5E63965}.Debug|Any CPU.Build.0 = Debug|Any CPU
		{122B6F1D-5799-475D-9387-C816D5E63965}.Release|Any CPU.ActiveCfg = Release|Any CPU
		{122B6F1D-5799-475D-9387-C816D5E63965}.Release|Any CPU.Build.0 = Release|Any CPU
		{557FBF40-2481-4C2E-907F-7F6C17BEBE00}.Debug|Any CPU.ActiveCfg = Debug|Any CPU
		{557FBF40-2481-4C2E-907F-7F6C17BEBE00}.Debug|Any CPU.Build.0 = Debug|Any CPU
		{557FBF40-2481-4C2E-907F-7F6C17BEBE00}.Release|Any CPU.ActiveCfg = Release|Any CPU
		{557FBF40-2481-4C2E-907F-7F6C17BEBE00}.Release|Any CPU.Build.0 = Release|Any CPU
		{DB1FA7BA-31FA-465D-9EDA-6118EEABA59D}.Debug|Any CPU.ActiveCfg = Debug|Any CPU
		{DB1FA7BA-31FA-465D-9EDA-6118EEABA59D}.Debug|Any CPU.Build.0 = Debug|Any CPU
		{DB1FA7BA-31FA-465D-9EDA-6118EEABA59D}.Release|Any CPU.ActiveCfg = Release|Any CPU
		{DB1FA7BA-31FA-465D-9EDA-6118EEABA59D}.Release|Any CPU.Build.0 = Release|Any CPU
		{8C12A148-0332-44F1-895E-ABE602E1827D}.Debug|Any CPU.ActiveCfg = Debug|Any CPU
		{8C12A148-0332-44F1-895E-ABE602E1827D}.Debug|Any CPU.Build.0 = Debug|Any CPU
		{8C12A148-0332-44F1-895E-ABE602E1827D}.Release|Any CPU.ActiveCfg = Release|Any CPU
		{8C12A148-0332-44F1-895E-ABE602E1827D}.Release|Any CPU.Build.0 = Release|Any CPU
		{0B7C40B0-138B-48C1-B57E-87854D401DD7}.Debug|Any CPU.ActiveCfg = Debug|Any CPU
		{0B7C40B0-138B-48C1-B57E-87854D401DD7}.Debug|Any CPU.Build.0 = Debug|Any CPU
		{0B7C40B0-138B-48C1-B57E-87854D401DD7}.Release|Any CPU.ActiveCfg = Release|Any CPU
		{0B7C40B0-138B-48C1-B57E-87854D401DD7}.Release|Any CPU.Build.0 = Release|Any CPU
	EndGlobalSection
	GlobalSection(SolutionProperties) = preSolution
		HideSolutionNode = FALSE
	EndGlobalSection
	GlobalSection(NestedProjects) = preSolution
		{401B1ADA-9A29-4275-A896-131521A5373C} = {D366B744-AE9F-4CB5-B7FC-022CCD220F77}
		{21B67F9D-1D74-4C33-BC10-3BCC64FCAEAB} = {15ECE47C-16B7-49CE-820D-F5A6AB1A1919}
		{BB674B45-3FE8-4EF7-8F44-5108E0A4E7E8} = {15ECE47C-16B7-49CE-820D-F5A6AB1A1919}
		{D41AD993-9E0B-41A0-8188-58A0F86F0B14} = {15ECE47C-16B7-49CE-820D-F5A6AB1A1919}
		{9DE21B36-6119-4B49-9323-963F788B6BDC} = {15ECE47C-16B7-49CE-820D-F5A6AB1A1919}
		{6727C727-5377-4100-8AE5-61472B40A26C} = {70D970F3-E6E8-4043-88AA-4CBD87FF87B9}
		{15ECE47C-16B7-49CE-820D-F5A6AB1A1919} = {D366B744-AE9F-4CB5-B7FC-022CCD220F77}
		{B5CACA52-7868-41A6-B74E-7A381BE11388} = {D366B744-AE9F-4CB5-B7FC-022CCD220F77}
		{E982FB9C-88B9-4DFC-9E74-303CAE4A8080} = {B5CACA52-7868-41A6-B74E-7A381BE11388}
		{1D0DA2DE-75E8-41E3-9AA8-A9BAC0A4DAC8} = {B5CACA52-7868-41A6-B74E-7A381BE11388}
		{4552199D-0AFD-4992-B686-DF7F02A3FBEF} = {E982FB9C-88B9-4DFC-9E74-303CAE4A8080}
		{DD3F635A-A921-475F-BA5C-2F00C42E46BB} = {E982FB9C-88B9-4DFC-9E74-303CAE4A8080}
		{EA317A91-B729-46BF-9EAC-DB2B92139232} = {E982FB9C-88B9-4DFC-9E74-303CAE4A8080}
		{283097AF-15F4-4E88-B7CA-1C141598212C} = {E982FB9C-88B9-4DFC-9E74-303CAE4A8080}
		{D15DCF1B-5D9F-4F21-A105-3DD4A59D2819} = {1D0DA2DE-75E8-41E3-9AA8-A9BAC0A4DAC8}
		{366A5C8C-BC50-43C2-9888-1DF64EE5C00E} = {1D0DA2DE-75E8-41E3-9AA8-A9BAC0A4DAC8}
		{30DFFB55-4A18-419B-A839-4FF9E45CAC2D} = {1D0DA2DE-75E8-41E3-9AA8-A9BAC0A4DAC8}
		{38C2C7F3-4D1A-4F36-A550-390EB98BF493} = {1D0DA2DE-75E8-41E3-9AA8-A9BAC0A4DAC8}
		{885FD502-50F6-429C-913D-066BCDD598D1} = {B5CACA52-7868-41A6-B74E-7A381BE11388}
		{DDB415D1-758A-48CF-A712-7E5577D8FA70} = {885FD502-50F6-429C-913D-066BCDD598D1}
		{39906D27-4879-42D0-8F8E-626EA5BF04E5} = {885FD502-50F6-429C-913D-066BCDD598D1}
		{5C20593C-5109-4719-BF87-27346F80D882} = {885FD502-50F6-429C-913D-066BCDD598D1}
		{4169472F-3AF6-4B2D-9BFF-FC2ADEA336F0} = {885FD502-50F6-429C-913D-066BCDD598D1}
		{8F1E2A34-5B6C-7D8E-9F0A-1B2C3D4E5F64} = {B5CACA52-7868-41A6-B74E-7A381BE11388}
		{8F1E2A34-5B6C-7D8E-9F0A-1B2C3D4E5F60} = {8F1E2A34-5B6C-7D8E-9F0A-1B2C3D4E5F64}
		{8F1E2A34-5B6C-7D8E-9F0A-1B2C3D4E5F61} = {8F1E2A34-5B6C-7D8E-9F0A-1B2C3D4E5F64}
		{8F1E2A34-5B6C-7D8E-9F0A-1B2C3D4E5F62} = {8F1E2A34-5B6C-7D8E-9F0A-1B2C3D4E5F64}
		{8F1E2A34-5B6C-7D8E-9F0A-1B2C3D4E5F63} = {8F1E2A34-5B6C-7D8E-9F0A-1B2C3D4E5F64}
		{107807CE-E1A2-4D72-A0AA-B395E5752F72} = {944631FB-5F12-403B-96B0-01F768A3EAD5}
		{14333075-DE82-4848-97A2-6BA761998E8E} = {944631FB-5F12-403B-96B0-01F768A3EAD5}
		{FF052533-2CAC-489D-894D-217D5028541F} = {944631FB-5F12-403B-96B0-01F768A3EAD5}
		{6E19E059-B399-4167-A9DB-C6FB63AB6A5A} = {944631FB-5F12-403B-96B0-01F768A3EAD5}
		{ECD907FE-8D96-46A3-8647-3E6B3C4B462E} = {944631FB-5F12-403B-96B0-01F768A3EAD5}
		{DD44A353-DFE6-4987-81F9-A227D4E53F3E} = {107807CE-E1A2-4D72-A0AA-B395E5752F72}
		{BA0316FE-0576-42A7-BAFD-E63ABA0649FF} = {107807CE-E1A2-4D72-A0AA-B395E5752F72}
		{359616E8-A984-4FF2-B5D6-6583E20B0506} = {944631FB-5F12-403B-96B0-01F768A3EAD5}
		{2C75559A-6A6C-4205-84E8-E80A6884348E} = {944631FB-5F12-403B-96B0-01F768A3EAD5}
		{4B318887-4176-4723-B29E-DF0CCF523E91} = {107807CE-E1A2-4D72-A0AA-B395E5752F72}
		{9281C1BA-C3F5-4C31-9B3F-F5A41A6E239A} = {107807CE-E1A2-4D72-A0AA-B395E5752F72}
		{8D1582A8-5A72-45F5-A96C-2CF7E11DAF48} = {107807CE-E1A2-4D72-A0AA-B395E5752F72}
		{D8F16F14-0273-40FA-9B62-AEB4461EF43D} = {107807CE-E1A2-4D72-A0AA-B395E5752F72}
		{87D74C9B-2DDB-46BA-890E-2291BCF98A67} = {944631FB-5F12-403B-96B0-01F768A3EAD5}
		{55EEF9BA-2542-4099-87DA-414836327E05} = {944631FB-5F12-403B-96B0-01F768A3EAD5}
		{897B8EE8-DD7D-4820-9CE1-3F5229B69EC7} = {107807CE-E1A2-4D72-A0AA-B395E5752F72}
		{46435508-A068-4DF3-A8D6-ACA654A492CF} = {107807CE-E1A2-4D72-A0AA-B395E5752F72}
		{5E9EF089-6343-4064-BD9D-6A6E117304A1} = {107807CE-E1A2-4D72-A0AA-B395E5752F72}
		{96C10740-E58B-40F3-8AF6-5EEE704457A6} = {107807CE-E1A2-4D72-A0AA-B395E5752F72}
		{CBC085F9-E204-4C2C-B473-6F2A10BE9768} = {107807CE-E1A2-4D72-A0AA-B395E5752F72}
		{217BCFB3-F7F7-4507-B2B0-174A2428CC9C} = {107807CE-E1A2-4D72-A0AA-B395E5752F72}
		{B780B91B-77BD-4EB1-A27A-DE44067116F3} = {107807CE-E1A2-4D72-A0AA-B395E5752F72}
		{FA57467A-1E86-425C-82B1-6BFF3A0FE0B0} = {107807CE-E1A2-4D72-A0AA-B395E5752F72}
		{BD9554E0-6D37-4C7D-B9C7-34142A94C980} = {107807CE-E1A2-4D72-A0AA-B395E5752F72}
		{BC22FAFA-F1EF-452D-B55A-AEBDC14714AB} = {107807CE-E1A2-4D72-A0AA-B395E5752F72}
		{81A1F2A3-2E42-404A-AE9F-91FF1D727B67} = {107807CE-E1A2-4D72-A0AA-B395E5752F72}
		{473D60DD-FA88-4B90-9054-B97D90F9CC74} = {107807CE-E1A2-4D72-A0AA-B395E5752F72}
		{97EB459A-3B30-48A6-A558-EDC38347898D} = {107807CE-E1A2-4D72-A0AA-B395E5752F72}
		{97C86F56-900B-4F97-8CF9-7D640905953F} = {107807CE-E1A2-4D72-A0AA-B395E5752F72}
		{8EA4FC37-EB98-40C2-97A0-D18A48B099DE} = {944631FB-5F12-403B-96B0-01F768A3EAD5}
		{3D4F0ED4-9AC5-4515-AB38-DF5C7105AF16} = {944631FB-5F12-403B-96B0-01F768A3EAD5}
		{1C0F00AB-9CA3-47F6-B75E-ABE560D20A89} = {944631FB-5F12-403B-96B0-01F768A3EAD5}
		{13D27B04-FEFA-46E7-A147-269E04791623} = {944631FB-5F12-403B-96B0-01F768A3EAD5}
		{B220D83C-781A-4E83-AD9B-1DF7AFA50D91} = {944631FB-5F12-403B-96B0-01F768A3EAD5}
		{E821A4C4-E918-4BC1-9251-BB64B289F39A} = {B220D83C-781A-4E83-AD9B-1DF7AFA50D91}
		{727E45EF-1520-4360-883D-2507EE1018B0} = {B220D83C-781A-4E83-AD9B-1DF7AFA50D91}
		{122B6F1D-5799-475D-9387-C816D5E63965} = {B220D83C-781A-4E83-AD9B-1DF7AFA50D91}
		{557FBF40-2481-4C2E-907F-7F6C17BEBE00} = {944631FB-5F12-403B-96B0-01F768A3EAD5}
		{DB1FA7BA-31FA-465D-9EDA-6118EEABA59D} = {944631FB-5F12-403B-96B0-01F768A3EAD5}
		{8C12A148-0332-44F1-895E-ABE602E1827D} = {55A687E6-18D6-4B3D-80E0-BC571135A0AB}
		{3815CADA-33B5-48F6-BF78-387F75A03007} = {70D970F3-E6E8-4043-88AA-4CBD87FF87B9}
	EndGlobalSection
	GlobalSection(ExtensibilityGlobals) = postSolution
		SolutionGuid = {FF57C649-5524-4079-8A73-46AA8951F5A8}
	EndGlobalSection
EndGlobal
